
Microsoft Visual Studio Solution File, Format Version 12.00
# Visual Studio 14
VisualStudioVersion = 14.0.25420.1
MinimumVisualStudioVersion = 10.0.40219.1
Project("{8BC9CEB8-8B4A-11D0-8D11-00A0C91BC942}") = "ImageProcessor", "ImageProcessor\ImageProcessor.vcxproj", "{B12702AD-ABFB-343A-A199-8E24837244A3}"
EndProject
Project("{8BC9CEB8-8B4A-11D0-8D11-00A0C91BC942}") = "Geometry", "Geometry\Geometry.vcxproj", "{F2F283F4-0F21-4106-B0E0-472F8FF41436}"
EndProject
Project("{8BC9CEB8-8B4A-11D0-8D11-00A0C91BC942}") = "PaintEx", "PaintEx\PaintEx.vcxproj", "{73E6B03F-254F-45B3-8DD5-16E06B26EF80}"
EndProject
Project("{8BC9CEB8-8B4A-11D0-8D11-00A0C91BC942}") = "DrawWidget", "DrawWidget\DrawWidget.vcxproj", "{0357F3A7-6DE6-495D-A74B-777A5B3CDE44}"
EndProject
Project("{8BC9CEB8-8B4A-11D0-8D11-00A0C91BC942}") = "Butterfly", "Butterfly\Butterfly.vcxproj", "{D07225DD-B083-42BB-A8D7-5E517F414F8C}"
EndProject
Project("{8BC9CEB8-8B4A-11D0-8D11-00A0C91BC942}") = "MapWidget", "MapWidget\MapWidget.vcxproj", "{58B6B96E-AED7-4D7D-A87D-B73DE4BE09A5}"
EndProject
Project("{8BC9CEB8-8B4A-11D0-8D11-00A0C91BC942}") = "NetWorkInfo", "NetWorkInfo\NetWorkInfo.vcxproj", "{5C05FC3C-F3FA-4081-A856-7EC4BFF66866}"
EndProject
Project("{8BC9CEB8-8B4A-11D0-8D11-00A0C91BC942}") = "UDPServer", "UDPServer\UDPServer.vcxproj", "{517CB793-A5DB-4634-8301-B21DF7725249}"
EndProject
Project("{8BC9CEB8-8B4A-11D0-8D11-00A0C91BC942}") = "UDPClient", "UDPClient\UDPClient.vcxproj", "{B41FD6A3-AB03-4D7C-A6E5-BB7B91594FF1}"
EndProject
Global
	GlobalSection(SolutionConfigurationPlatforms) = preSolution
		Debug|x64 = Debug|x64
		Debug|x86 = Debug|x86
		Release|x64 = Release|x64
		Release|x86 = Release|x86
	EndGlobalSection
	GlobalSection(ProjectConfigurationPlatforms) = postSolution
		{B12702AD-ABFB-343A-A199-8E24837244A3}.Debug|x64.ActiveCfg = Debug|x64
		{B12702AD-ABFB-343A-A199-8E24837244A3}.Debug|x64.Build.0 = Debug|x64
		{B12702AD-ABFB-343A-A199-8E24837244A3}.Debug|x86.ActiveCfg = Debug|Win32
		{B12702AD-ABFB-343A-A199-8E24837244A3}.Debug|x86.Build.0 = Debug|Win32
		{B12702AD-ABFB-343A-A199-8E24837244A3}.Release|x64.ActiveCfg = Release|x64
		{B12702AD-ABFB-343A-A199-8E24837244A3}.Release|x64.Build.0 = Release|x64
		{B12702AD-ABFB-343A-A199-8E24837244A3}.Release|x86.ActiveCfg = Release|Win32
		{B12702AD-ABFB-343A-A199-8E24837244A3}.Release|x86.Build.0 = Release|Win32
		{F2F283F4-0F21-4106-B0E0-472F8FF41436}.Debug|x64.ActiveCfg = Debug|x64
		{F2F283F4-0F21-4106-B0E0-472F8FF41436}.Debug|x64.Build.0 = Debug|x64
		{F2F283F4-0F21-4106-B0E0-472F8FF41436}.Debug|x86.ActiveCfg = Debug|Win32
		{F2F283F4-0F21-4106-B0E0-472F8FF41436}.Debug|x86.Build.0 = Debug|Win32
		{F2F283F4-0F21-4106-B0E0-472F8FF41436}.Release|x64.ActiveCfg = Release|x64
		{F2F283F4-0F21-4106-B0E0-472F8FF41436}.Release|x64.Build.0 = Release|x64
		{F2F283F4-0F21-4106-B0E0-472F8FF41436}.Release|x86.ActiveCfg = Release|Win32
		{F2F283F4-0F21-4106-B0E0-472F8FF41436}.Release|x86.Build.0 = Release|Win32
		{73E6B03F-254F-45B3-8DD5-16E06B26EF80}.Debug|x64.ActiveCfg = Debug|x64
		{73E6B03F-254F-45B3-8DD5-16E06B26EF80}.Debug|x64.Build.0 = Debug|x64
		{73E6B03F-254F-45B3-8DD5-16E06B26EF80}.Debug|x86.ActiveCfg = Debug|Win32
		{73E6B03F-254F-45B3-8DD5-16E06B26EF80}.Debug|x86.Build.0 = Debug|Win32
		{73E6B03F-254F-45B3-8DD5-16E06B26EF80}.Release|x64.ActiveCfg = Release|x64
		{73E6B03F-254F-45B3-8DD5-16E06B26EF80}.Release|x64.Build.0 = Release|x64
		{73E6B03F-254F-45B3-8DD5-16E06B26EF80}.Release|x86.ActiveCfg = Release|Win32
		{73E6B03F-254F-45B3-8DD5-16E06B26EF80}.Release|x86.Build.0 = Release|Win32
		{0357F3A7-6DE6-495D-A74B-777A5B3CDE44}.Debug|x64.ActiveCfg = Debug|x64
		{0357F3A7-6DE6-495D-A74B-777A5B3CDE44}.Debug|x64.Build.0 = Debug|x64
		{0357F3A7-6DE6-495D-A74B-777A5B3CDE44}.Debug|x86.ActiveCfg = Debug|Win32
		{0357F3A7-6DE6-495D-A74B-777A5B3CDE44}.Debug|x86.Build.0 = Debug|Win32
		{0357F3A7-6DE6-495D-A74B-777A5B3CDE44}.Release|x64.ActiveCfg = Release|x64
		{0357F3A7-6DE6-495D-A74B-777A5B3CDE44}.Release|x64.Build.0 = Release|x64
		{0357F3A7-6DE6-495D-A74B-777A5B3CDE44}.Release|x86.ActiveCfg = Release|Win32
		{0357F3A7-6DE6-495D-A74B-777A5B3CDE44}.Release|x86.Build.0 = Release|Win32
		{D07225DD-B083-42BB-A8D7-5E517F414F8C}.Debug|x64.ActiveCfg = Debug|x64
		{D07225DD-B083-42BB-A8D7-5E517F414F8C}.Debug|x64.Build.0 = Debug|x64
		{D07225DD-B083-42BB-A8D7-5E517F414F8C}.Debug|x86.ActiveCfg = Debug|Win32
		{D07225DD-B083-42BB-A8D7-5E517F414F8C}.Debug|x86.Build.0 = Debug|Win32
		{D07225DD-B083-42BB-A8D7-5E517F414F8C}.Release|x64.ActiveCfg = Release|x64
		{D07225DD-B083-42BB-A8D7-5E517F414F8C}.Release|x64.Build.0 = Release|x64
		{D07225DD-B083-42BB-A8D7-5E517F414F8C}.Release|x86.ActiveCfg = Release|Win32
		{D07225DD-B083-42BB-A8D7-5E517F414F8C}.Release|x86.Build.0 = Release|Win32
		{58B6B96E-AED7-4D7D-A87D-B73DE4BE09A5}.Debug|x64.ActiveCfg = Debug|x64
		{58B6B96E-AED7-4D7D-A87D-B73DE4BE09A5}.Debug|x64.Build.0 = Debug|x64
		{58B6B96E-AED7-4D7D-A87D-B73DE4BE09A5}.Debug|x86.ActiveCfg = Debug|Win32
		{58B6B96E-AED7-4D7D-A87D-B73DE4BE09A5}.Debug|x86.Build.0 = Debug|Win32
		{58B6B96E-AED7-4D7D-A87D-B73DE4BE09A5}.Release|x64.ActiveCfg = Release|x64
		{58B6B96E-AED7-4D7D-A87D-B73DE4BE09A5}.Release|x64.Build.0 = Release|x64
		{58B6B96E-AED7-4D7D-A87D-B73DE4BE09A5}.Release|x86.ActiveCfg = Release|Win32
		{58B6B96E-AED7-4D7D-A87D-B73DE4BE09A5}.Release|x86.Build.0 = Release|Win32
		{5C05FC3C-F3FA-4081-A856-7EC4BFF66866}.Debug|x64.ActiveCfg = Debug|x64
		{5C05FC3C-F3FA-4081-A856-7EC4BFF66866}.Debug|x64.Build.0 = Debug|x64
		{5C05FC3C-F3FA-4081-A856-7EC4BFF66866}.Debug|x86.ActiveCfg = Debug|Win32
		{5C05FC3C-F3FA-4081-A856-7EC4BFF66866}.Debug|x86.Build.0 = Debug|Win32
		{5C05FC3C-F3FA-4081-A856-7EC4BFF66866}.Release|x64.ActiveCfg = Release|x64
		{5C05FC3C-F3FA-4081-A856-7EC4BFF66866}.Release|x64.Build.0 = Release|x64
		{5C05FC3C-F3FA-4081-A856-7EC4BFF66866}.Release|x86.ActiveCfg = Release|Win32
		{5C05FC3C-F3FA-4081-A856-7EC4BFF66866}.Release|x86.Build.0 = Release|Win32
		{517CB793-A5DB-4634-8301-B21DF7725249}.Debug|x64.ActiveCfg = Debug|x64
		{517CB793-A5DB-4634-8301-B21DF7725249}.Debug|x64.Build.0 = Debug|x64
		{517CB793-A5DB-4634-8301-B21DF7725249}.Debug|x86.ActiveCfg = Debug|Win32
		{517CB793-A5DB-4634-8301-B21DF7725249}.Debug|x86.Build.0 = Debug|Win32
		{517CB793-A5DB-4634-8301-B21DF7725249}.Release|x64.ActiveCfg = Release|x64
		{517CB793-A5DB-4634-8301-B21DF7725249}.Release|x64.Build.0 = Release|x64
		{517CB793-A5DB-4634-8301-B21DF7725249}.Release|x86.ActiveCfg = Release|Win32
		{517CB793-A5DB-4634-8301-B21DF7725249}.Release|x86.Build.0 = Release|Win32
		{B41FD6A3-AB03-4D7C-A6E5-BB7B91594FF1}.Debug|x64.ActiveCfg = Debug|x64
		{B41FD6A3-AB03-4D7C-A6E5-BB7B91594FF1}.Debug|x64.Build.0 = Debug|x64
		{B41FD6A3-AB03-4D7C-A6E5-BB7B91594FF1}.Debug|x86.ActiveCfg = Debug|Win32
		{B41FD6A3-AB03-4D7C-A6E5-BB7B91594FF1}.Debug|x86.Build.0 = Debug|Win32
		{B41FD6A3-AB03-4D7C-A6E5-BB7B91594FF1}.Release|x64.ActiveCfg = Release|x64
		{B41FD6A3-AB03-4D7C-A6E5-BB7B91594FF1}.Release|x64.Build.0 = Release|x64
		{B41FD6A3-AB03-4D7C-A6E5-BB7B91594FF1}.Release|x86.ActiveCfg = Release|Win32
		{B41FD6A3-AB03-4D7C-A6E5-BB7B91594FF1}.Release|x86.Build.0 = Release|Win32
	EndGlobalSection
	GlobalSection(SolutionProperties) = preSolution
		HideSolutionNode = FALSE
	EndGlobalSection
EndGlobal
